
Microsoft Visual Studio Solution File, Format Version 12.00
# Visual Studio Version 17
VisualStudioVersion = 17.1.32407.343
MinimumVisualStudioVersion = 10.0.40219.1
Project("{8BC9CEB8-8B4A-11D0-8D11-00A0C91BC942}") = "Learning", "Learning\Learning.vcxproj", "{257EE990-ADEA-4B2F-8B1F-1782581E7BA1}"
EndProject
Global
	GlobalSection(SolutionConfigurationPlatforms) = preSolution
		Debug|x64 = Debug|x64
		Debug|x86 = Debug|x86
		Release|x64 = Release|x64
		Release|x86 = Release|x86
	EndGlobalSection
	GlobalSection(ProjectConfigurationPlatforms) = postSolution
		{257EE990-ADEA-4B2F-8B1F-1782581E7BA1}.Debug|x64.ActiveCfg = Debug|x64
		{257EE990-ADEA-4B2F-8B1F-1782581E7BA1}.Debug|x64.Build.0 = Debug|x64
		{257EE990-ADEA-4B2F-8B1F-1782581E7BA1}.Debug|x86.ActiveCfg = Debug|Win32
		{257EE990-ADEA-4B2F-8B1F-1782581E7BA1}.Debug|x86.Build.0 = Debug|Win32
		{257EE990-ADEA-4B2F-8B1F-1782581E7BA1}.Release|x64.ActiveCfg = Release|x64
		{257EE990-ADEA-4B2F-8B1F-1782581E7BA1}.Release|x64.Build.0 = Release|x64
		{257EE990-ADEA-4B2F-8B1F-1782581E7BA1}.Release|x86.ActiveCfg = Release|Win32
		{257EE990-ADEA-4B2F-8B1F-1782581E7BA1}.Release|x86.Build.0 = Release|Win32
	EndGlobalSection
	GlobalSection(SolutionProperties) = preSolution
		HideSolutionNode = FALSE
	EndGlobalSection
	GlobalSection(ExtensibilityGlobals) = postSolution
		SolutionGuid = {A7559B77-F702-4039-8624-A9F4BC369C53}
	EndGlobalSection
EndGlobal
